
Microsoft Visual Studio Solution File, Format Version 12.00
# Visual Studio Version 16
VisualStudioVersion = 16.0.31129.286
MinimumVisualStudioVersion = 10.0.40219.1
Project("{9A19103F-16F7-4668-BE54-9A1E7A4F7556}") = "BenchmarkConsole", "BenchmarkConsole\BenchmarkConsole.csproj", "{CE3E0E00-0260-4010-A644-8E2CA1178AF1}"
EndProject
Project("{FAE04EC0-301F-11D3-BF4B-00C04F79EFBC}") = "TestProject", "TestProject\TestProject.csproj", "{9F73C70E-1873-42D2-A5B4-E1AAC4A46FFE}"
EndProject
Global
	GlobalSection(SolutionConfigurationPlatforms) = preSolution
		Debug|Any CPU = Debug|Any CPU
		Release|Any CPU = Release|Any CPU
	EndGlobalSection
	GlobalSection(ProjectConfigurationPlatforms) = postSolution
		{CE3E0E00-0260-4010-A644-8E2CA1178AF1}.Debug|Any CPU.ActiveCfg = Debug|Any CPU
		{CE3E0E00-0260-4010-A644-8E2CA1178AF1}.Debug|Any CPU.Build.0 = Debug|Any CPU
		{CE3E0E00-0260-4010-A644-8E2CA1178AF1}.Release|Any CPU.ActiveCfg = Release|Any CPU
		{CE3E0E00-0260-4010-A644-8E2CA1178AF1}.Release|Any CPU.Build.0 = Release|Any CPU
		{9F73C70E-1873-42D2-A5B4-E1AAC4A46FFE}.Debug|Any CPU.ActiveCfg = Debug|Any CPU
		{9F73C70E-1873-42D2-A5B4-E1AAC4A46FFE}.Debug|Any CPU.Build.0 = Debug|Any CPU
		{9F73C70E-1873-42D2-A5B4-E1AAC4A46FFE}.Release|Any CPU.ActiveCfg = Release|Any CPU
		{9F73C70E-1873-42D2-A5B4-E1AAC4A46FFE}.Release|Any CPU.Build.0 = Release|Any CPU
	EndGlobalSection
	GlobalSection(SolutionProperties) = preSolution
		HideSolutionNode = FALSE
	EndGlobalSection
	GlobalSection(ExtensibilityGlobals) = postSolution
		SolutionGuid = {DB8B1D55-EF43-4276-8087-9246D47687DA}
	EndGlobalSection
EndGlobal
